
Microsoft Visual Studio Solution File, Format Version 12.00
# Visual Studio 15
VisualStudioVersion = 15.0.28010.2046
MinimumVisualStudioVersion = 10.0.40219.1
Project("{FAE04EC0-301F-11D3-BF4B-00C04F79EFBC}") = "RPPOON LV2", "RPPOON LV2\RPPOON LV2.csproj", "{4EF77F72-56B9-4E56-80F8-AE9ADC5ACD8A}"
EndProject
Global
	GlobalSection(SolutionConfigurationPlatforms) = preSolution
		Debug|Any CPU = Debug|Any CPU
		Release|Any CPU = Release|Any CPU
	EndGlobalSection
	GlobalSection(ProjectConfigurationPlatforms) = postSolution
		{4EF77F72-56B9-4E56-80F8-AE9ADC5ACD8A}.Debug|Any CPU.ActiveCfg = Debug|Any CPU
		{4EF77F72-56B9-4E56-80F8-AE9ADC5ACD8A}.Debug|Any CPU.Build.0 = Debug|Any CPU
		{4EF77F72-56B9-4E56-80F8-AE9ADC5ACD8A}.Release|Any CPU.ActiveCfg = Release|Any CPU
		{4EF77F72-56B9-4E56-80F8-AE9ADC5ACD8A}.Release|Any CPU.Build.0 = Release|Any CPU
	EndGlobalSection
	GlobalSection(SolutionProperties) = preSolution
		HideSolutionNode = FALSE
	EndGlobalSection
	GlobalSection(ExtensibilityGlobals) = postSolution
		SolutionGuid = {0E72D7CE-528C-41ED-875D-92C7618AD518}
	EndGlobalSection
EndGlobal
